aidanwoods.dev/go-paseto v1.5.0 h1:FKrHrip6HfZfuzLuz2NVnM7wQ3Ql+mKcWWcgDr3Mb1g=
aidanwoods.dev/go-paseto v1.5.0/go.mod h1:9J13iCMdWrkfK1AxAg9QDHLaDMYSEP1ldbFiR+DfmVc=
aidanwoods.dev/go-result v0.1.0 h1:y/BMIRX6q3HwaorX1Wzrjo3WUdiYeyWbvGe18hKS3K8=
aidanwoods.dev/go-result v0.1.0/go.mod h1:yridkWghM7AXSFA6wzx0IbsurIm1Lhuro3rYef8FBHM=
github.com/google/uuid v1.3.1 h1:KjJaJ9iWZ3jOFZIf1Lqf4laDRCasjl0BCmnEGxkdLb4=
github.com/google/uuid v1.3.1/go.mod h1:TIyPZe4MgqvfeYDBFedMoGGpEw/LqOeaOT+nhxU+yHo=
github.com/joho/godotenv v1.5.1 h1:7eLL/+HRGLY0ldzfGMeQkb7vMd0as4CfYvUVzLqw0N0=
github.com/joho/godotenv v1.5.1/go.mod h1:f4LDr5Voq0i2e/R5DDNOoa2zzDfwtkZa6DnEwAbqwq4=
golang.org/x/crypto v0.12.0 h1:tFM/ta59kqch6LlvYnPa0yx5a83cL2nHflFhYKvv9Yk=
golang.org/x/crypto v0.12.0/go.mod h1:NF0Gs7EO5K4qLn+Ylc+fih8BSTeIjAP05siRnAh98yw=
golang.org/x/sys v0.11.0 h1:eG7RXZHdqOJ1i+0lgLgCpSXAp6M3LYlAo6osgSi0xOM=
golang.org/x/sys v0.11.0/go.mod h1:oPkhp1MJrh7nUepCBck5+mAzfO9JrbApNNgaTdGDITg=
